// !$*UTF8*$!
{
	archiveVersion = 1;
	classes = {
	};
	objectVersion = 56;
	objects = {

/* Begin PBXBuildFile section */
		267599F52A342FA800498D1A /* To_Do_SomethingApp.swift in Sources */ = {isa = PBXBuildFile; fileRef = 267599F42A342FA800498D1A /* To_Do_SomethingApp.swift */; };
		267599F92A342FA900498D1A /* Assets.xcassets in Resources */ = {isa = PBXBuildFile; fileRef = 267599F82A342FA900498D1A /* Assets.xcassets */; };
		267599FC2A342FA900498D1A /* Preview Assets.xcassets in Resources */ = {isa = PBXBuildFile; fileRef = 267599FB2A342FA900498D1A /* Preview Assets.xcassets */; };
		26759A062A343C7300498D1A /* ListView.swift in Sources */ = {isa = PBXBuildFile; fileRef = 26759A052A343C7300498D1A /* ListView.swift */; };
		26759A082A343CFF00498D1A /* ListRowView.swift in Sources */ = {isa = PBXBuildFile; fileRef = 26759A072A343CFF00498D1A /* ListRowView.swift */; };
		26759A0A2A343E1E00498D1A /* AddView.swift in Sources */ = {isa = PBXBuildFile; fileRef = 26759A092A343E1E00498D1A /* AddView.swift */; };
		26759A0D2A343FAE00498D1A /* ItemsModel.swift in Sources */ = {isa = PBXBuildFile; fileRef = 26759A0C2A343FAE00498D1A /* ItemsModel.swift */; };
		26759A102A3447F100498D1A /* ListViewModel.swift in Sources */ = {isa = PBXBuildFile; fileRef = 26759A0F2A3447F100498D1A /* ListViewModel.swift */; };
		26759A122A34521B00498D1A /* EmptyView.swift in Sources */ = {isa = PBXBuildFile; fileRef = 26759A112A34521B00498D1A /* EmptyView.swift */; };
/* End PBXBuildFile section */

/* Begin PBXFileReference section */
		267599F12A342FA800498D1A /* To-Do-Something.app */ = {isa = PBXFileReference; explicitFileType = wrapper.application; includeInIndex = 0; path = "To-Do-Something.app"; sourceTree = BUILT_PRODUCTS_DIR; };
		267599F42A342FA800498D1A /* To_Do_SomethingApp.swift */ = {isa = PBXFileReference; lastKnownFileType = sourcecode.swift; path = To_Do_SomethingApp.swift; sourceTree = "<group>"; };
		267599F82A342FA900498D1A /* Assets.xcassets */ = {isa = PBXFileReference; lastKnownFileType = folder.assetcatalog; path = Assets.xcassets; sourceTree = "<group>"; };
		267599FB2A342FA900498D1A /* Preview Assets.xcassets */ = {isa = PBXFileReference; lastKnownFileType = folder.assetcatalog; path = "Preview Assets.xcassets"; sourceTree = "<group>"; };
		26759A052A343C7300498D1A /* ListView.swift */ = {isa = PBXFileReference; lastKnownFileType = sourcecode.swift; path = ListView.swift; sourceTree = "<group>"; };
		26759A072A343CFF00498D1A /* ListRowView.swift */ = {isa = PBXFileReference; lastKnownFileType = sourcecode.swift; path = ListRowView.swift; sourceTree = "<group>"; };
		26759A092A343E1E00498D1A /* AddView.swift */ = {isa = PBXFileReference; lastKnownFileType = sourcecode.swift; path = AddView.swift; sourceTree = "<group>"; };
		26759A0C2A343FAE00498D1A /* ItemsModel.swift */ = {isa = PBXFileReference; lastKnownFileType = sourcecode.swift; path = ItemsModel.swift; sourceTree = "<group>"; };
		26759A0F2A3447F100498D1A /* ListViewModel.swift */ = {isa = PBXFileReference; lastKnownFileType = sourcecode.swift; path = ListViewModel.swift; sourceTree = "<group>"; };
		26759A112A34521B00498D1A /* EmptyView.swift */ = {isa = PBXFileReference; lastKnownFileType = sourcecode.swift; path = EmptyView.swift; sourceTree = "<group>"; };
/* End PBXFileReference section */

/* Begin PBXFrameworksBuildPhase section */
		267599EE2A342FA800498D1A /* Frameworks */ = {
			isa = PBXFrameworksBuildPhase;
			buildActionMask = 2147483647;
			files = (
			);
			runOnlyForDeploymentPostprocessing = 0;
		};
/* End PBXFrameworksBuildPhase section */

/* Begin PBXGroup section */
		267599E82A342FA800498D1A = {
			isa = PBXGroup;
			children = (
				267599F32A342FA800498D1A /* To-Do-Something */,
				267599F22A342FA800498D1A /* Products */,
			);
			sourceTree = "<group>";
		};
		267599F22A342FA800498D1A /* Products */ = {
			isa = PBXGroup;
			children = (
				267599F12A342FA800498D1A /* To-Do-Something.app */,
			);
			name = Products;
			sourceTree = "<group>";
		};
		267599F32A342FA800498D1A /* To-Do-Something */ = {
			isa = PBXGroup;
			children = (
				26759A0E2A3447D300498D1A /* ViewModels */,
				26759A0B2A343FA300498D1A /* Models */,
				26759A022A343C5B00498D1A /* View */,
				267599F42A342FA800498D1A /* To_Do_SomethingApp.swift */,
				267599F82A342FA900498D1A /* Assets.xcassets */,
				267599FA2A342FA900498D1A /* Preview Content */,
			);
			path = "To-Do-Something";
			sourceTree = "<group>";
		};
		267599FA2A342FA900498D1A /* Preview Content */ = {
			isa = PBXGroup;
			children = (
				267599FB2A342FA900498D1A /* Preview Assets.xcassets */,
			);
			path = "Preview Content";
			sourceTree = "<group>";
		};
		26759A022A343C5B00498D1A /* View */ = {
			isa = PBXGroup;
			children = (
				26759A052A343C7300498D1A /* ListView.swift */,
				26759A072A343CFF00498D1A /* ListRowView.swift */,
				26759A092A343E1E00498D1A /* AddView.swift */,
				26759A112A34521B00498D1A /* EmptyView.swift */,
			);
			path = View;
			sourceTree = "<group>";
		};
		26759A0B2A343FA300498D1A /* Models */ = {
			isa = PBXGroup;
			children = (
				26759A0C2A343FAE00498D1A /* ItemsModel.swift */,
			);
			path = Models;
			sourceTree = "<group>";
		};
		26759A0E2A3447D300498D1A /* ViewModels */ = {
			isa = PBXGroup;
			children = (
				26759A0F2A3447F100498D1A /* ListViewModel.swift */,
			);
			path = ViewModels;
			sourceTree = "<group>";
		};
/* End PBXGroup section */

/* Begin PBXNativeTarget section */
		267599F02A342FA800498D1A /* To-Do-Something */ = {
			isa = PBXNativeTarget;
			buildConfigurationList = 267599FF2A342FA900498D1A /* Build configuration list for PBXNativeTarget "To-Do-Something" */;
			buildPhases = (
				267599ED2A342FA800498D1A /* Sources */,
				267599EE2A342FA800498D1A /* Frameworks */,
				267599EF2A342FA800498D1A /* Resources */,
			);
			buildRules = (
			);
			dependencies = (
			);
			name = "To-Do-Something";
			productName = "To-Do-Something";
			productReference = 267599F12A342FA800498D1A /* To-Do-Something.app */;
			productType = "com.apple.product-type.application";
		};
/* End PBXNativeTarget section */

/* Begin PBXProject section */
		267599E92A342FA800498D1A /* Project object */ = {
			isa = PBXProject;
			attributes = {
				BuildIndependentTargetsInParallel = 1;
				LastSwiftUpdateCheck = 1430;
				LastUpgradeCheck = 1430;
				TargetAttributes = {
					267599F02A342FA800498D1A = {
						CreatedOnToolsVersion = 14.3;
					};
				};
			};
			buildConfigurationList = 267599EC2A342FA800498D1A /* Build configuration list for PBXProject "To-Do-Something" */;
			compatibilityVersion = "Xcode 14.0";
			developmentRegion = en;
			hasScannedForEncodings = 0;
			knownRegions = (
				en,
				Base,
			);
			mainGroup = 267599E82A342FA800498D1A;
			productRefGroup = 267599F22A342FA800498D1A /* Products */;
			projectDirPath = "";
			projectRoot = "";
			targets = (
				267599F02A342FA800498D1A /* To-Do-Something */,
			);
		};
/* End PBXProject section */

/* Begin PBXResourcesBuildPhase section */
		267599EF2A342FA800498D1A /* Resources */ = {
			isa = PBXResourcesBuildPhase;
			buildActionMask = 2147483647;
			files = (
				267599FC2A342FA900498D1A /* Preview Assets.xcassets in Resources */,
				267599F92A342FA900498D1A /* Assets.xcassets in Resources */,
			);
			runOnlyForDeploymentPostprocessing = 0;
		};
/* End PBXResourcesBuildPhase section */

/* Begin PBXSourcesBuildPhase section */
		267599ED2A342FA800498D1A /* Sources */ = {
			isa = PBXSourcesBuildPhase;
			buildActionMask = 2147483647;
			files = (
				26759A0A2A343E1E00498D1A /* AddView.swift in Sources */,
				26759A062A343C7300498D1A /* ListView.swift in Sources */,
				26759A102A3447F100498D1A /* ListViewModel.swift in Sources */,
				26759A0D2A343FAE00498D1A /* ItemsModel.swift in Sources */,
				267599F52A342FA800498D1A /* To_Do_SomethingApp.swift in Sources */,
				26759A122A34521B00498D1A /* EmptyView.swift in Sources */,
				26759A082A343CFF00498D1A /* ListRowView.swift in Sources */,
			);
			runOnlyForDeploymentPostprocessing = 0;
		};
/* End PBXSourcesBuildPhase section */

/* Begin XCBuildConfiguration section */
		267599FD2A342FA900498D1A /* Debug */ = {
			isa = XCBuildConfiguration;
			buildSettings = {
				ALWAYS_SEARCH_USER_PATHS = NO;
				CLANG_ANALYZER_NONNULL = YES;
				CLANG_ANALYZER_NUMBER_OBJECT_CONVERSION = YES_AGGRESSIVE;
				CLANG_CXX_LANGUAGE_STANDARD = "gnu++20";
				CLANG_ENABLE_MODULES = YES;
				CLANG_ENABLE_OBJC_ARC = YES;
				CLANG_ENABLE_OBJC_WEAK = YES;
				CLANG_WARN_BLOCK_CAPTURE_AUTORELEASING = YES;
				CLANG_WARN_BOOL_CONVERSION = YES;
				CLANG_WARN_COMMA = YES;
				CLANG_WARN_CONSTANT_CONVERSION = YES;
				CLANG_WARN_DEPRECATED_OBJC_IMPLEMENTATIONS = YES;
				CLANG_WARN_DIRECT_OBJC_ISA_USAGE = YES_ERROR;
				CLANG_WARN_DOCUMENTATION_COMMENTS = YES;
				CLANG_WARN_EMPTY_BODY = YES;
				CLANG_WARN_ENUM_CONVERSION = YES;
				CLANG_WARN_INFINITE_RECURSION = YES;
				CLANG_WARN_INT_CONVERSION = YES;
				CLANG_WARN_NON_LITERAL_NULL_CONVERSION = YES;
				CLANG_WARN_OBJC_IMPLICIT_RETAIN_SELF = YES;
				CLANG_WARN_OBJC_LITERAL_CONVERSION = YES;
				CLANG_WARN_OBJC_ROOT_CLASS = YES_ERROR;
				CLANG_WARN_QUOTED_INCLUDE_IN_FRAMEWORK_HEADER = YES;
				CLANG_WARN_RANGE_LOOP_ANALYSIS = YES;
				CLANG_WARN_STRICT_PROTOTYPES = YES;
				CLANG_WARN_SUSPICIOUS_MOVE = YES;
				CLANG_WARN_UNGUARDED_AVAILABILITY = YES_AGGRESSIVE;
				CLANG_WARN_UNREACHABLE_CODE = YES;
				CLANG_WARN__DUPLICATE_METHOD_MATCH = YES;
				COPY_PHASE_STRIP = NO;
				DEBUG_INFORMATION_FORMAT = dwarf;
				ENABLE_STRICT_OBJC_MSGSEND = YES;
				ENABLE_TESTABILITY = YES;
				GCC_C_LANGUAGE_STANDARD = gnu11;
				GCC_DYNAMIC_NO_PIC = NO;
				GCC_NO_COMMON_BLOCKS = YES;
				GCC_OPTIMIZATION_LEVEL = 0;
				GCC_PREPROCESSOR_DEFINITIONS = (
					"DEBUG=1",
					"$(inherited)",
				);
				GCC_WARN_64_TO_32_BIT_CONVERSION = YES;
				GCC_WARN_ABOUT_RETURN_TYPE = YES_ERROR;
				GCC_WARN_UNDECLARED_SELECTOR = YES;
				GCC_WARN_UNINITIALIZED_AUTOS = YES_AGGRESSIVE;
				GCC_WARN_UNUSED_FUNCTION = YES;
				GCC_WARN_UNUSED_VARIABLE = YES;
				IPHONEOS_DEPLOYMENT_TARGET = 16.4;
				MTL_ENABLE_DEBUG_INFO = INCLUDE_SOURCE;
				MTL_FAST_MATH = YES;
				ONLY_ACTIVE_ARCH = YES;
				SDKROOT = iphoneos;
				SWIFT_ACTIVE_COMPILATION_CONDITIONS = DEBUG;
				SWIFT_OPTIMIZATION_LEVEL = "-Onone";
			};
			name = Debug;
		};
		267599FE2A342FA900498D1A /* Release */ = {
			isa = XCBuildConfiguration;
			buildSettings = {
				ALWAYS_SEARCH_USER_PATHS = NO;
				CLANG_ANALYZER_NONNULL = YES;
				CLANG_ANALYZER_NUMBER_OBJECT_CONVERSION = YES_AGGRESSIVE;
				CLANG_CXX_LANGUAGE_STANDARD = "gnu++20";
				CLANG_ENABLE_MODULES = YES;
				CLANG_ENABLE_OBJC_ARC = YES;
				CLANG_ENABLE_OBJC_WEAK = YES;
				CLANG_WARN_BLOCK_CAPTURE_AUTORELEASING = YES;
				CLANG_WARN_BOOL_CONVERSION = YES;
				CLANG_WARN_COMMA = YES;
				CLANG_WARN_CONSTANT_CONVERSION = YES;
				CLANG_WARN_DEPRECATED_OBJC_IMPLEMENTATIONS = YES;
				CLANG_WARN_DIRECT_OBJC_ISA_USAGE = YES_ERROR;
				CLANG_WARN_DOCUMENTATION_COMMENTS = YES;
				CLANG_WARN_EMPTY_BODY = YES;
				CLANG_WARN_ENUM_CONVERSION = YES;
				CLANG_WARN_INFINITE_RECURSION = YES;
				CLANG_WARN_INT_CONVERSION = YES;
				CLANG_WARN_NON_LITERAL_NULL_CONVERSION = YES;
				CLANG_WARN_OBJC_IMPLICIT_RETAIN_SELF = YES;
				CLANG_WARN_OBJC_LITERAL_CONVERSION = YES;
				CLANG_WARN_OBJC_ROOT_CLASS = YES_ERROR;
				CLANG_WARN_QUOTED_INCLUDE_IN_FRAMEWORK_HEADER = YES;
				CLANG_WARN_RANGE_LOOP_ANALYSIS = YES;
				CLANG_WARN_STRICT_PROTOTYPES = YES;
				CLANG_WARN_SUSPICIOUS_MOVE = YES;
				CLANG_WARN_UNGUARDED_AVAILABILITY = YES_AGGRESSIVE;
				CLANG_WARN_UNREACHABLE_CODE = YES;
				CLANG_WARN__DUPLICATE_METHOD_MATCH = YES;
				COPY_PHASE_STRIP = NO;
				DEBUG_INFORMATION_FORMAT = "dwarf-with-dsym";
				ENABLE_NS_ASSERTIONS = NO;
				ENABLE_STRICT_OBJC_MSGSEND = YES;
				GCC_C_LANGUAGE_STANDARD = gnu11;
				GCC_NO_COMMON_BLOCKS = YES;
				GCC_WARN_64_TO_32_BIT_CONVERSION = YES;
				GCC_WARN_ABOUT_RETURN_TYPE = YES_ERROR;
				GCC_WARN_UNDECLARED_SELECTOR = YES;
				GCC_WARN_UNINITIALIZED_AUTOS = YES_AGGRESSIVE;
				GCC_WARN_UNUSED_FUNCTION = YES;
				GCC_WARN_UNUSED_VARIABLE = YES;
				IPHONEOS_DEPLOYMENT_TARGET = 16.4;
				MTL_ENABLE_DEBUG_INFO = NO;
				MTL_FAST_MATH = YES;
				SDKROOT = iphoneos;
				SWIFT_COMPILATION_MODE = wholemodule;
				SWIFT_OPTIMIZATION_LEVEL = "-O";
				VALIDATE_PRODUCT = YES;
			};
			name = Release;
		};
		26759A002A342FA900498D1A /* Debug */ = {
			isa = XCBuildConfiguration;
			buildSettings = {
				ASSETCATALOG_COMPILER_APPICON_NAME = AppIcon;
				ASSETCATALOG_COMPILER_GLOBAL_ACCENT_COLOR_NAME = AccentColor;
				CODE_SIGN_STYLE = Automatic;
				CURRENT_PROJECT_VERSION = 1;
				DEVELOPMENT_ASSET_PATHS = "\"To-Do-Something/Preview Content\"";
				DEVELOPMENT_TEAM = 4SVBD9LA8P;
				ENABLE_PREVIEWS = YES;
				GENERATE_INFOPLIST_FILE = YES;
				INFOPLIST_KEY_CFBundleDisplayName = "To Do List";
				INFOPLIST_KEY_UIApplicationSceneManifest_Generation = YES;
				INFOPLIST_KEY_UIApplicationSupportsIndirectInputEvents = YES;
				INFOPLIST_KEY_UILaunchScreen_Generation = YES;
				INFOPLIST_KEY_UISupportedInterfaceOrientations_iPad = "UIInterfaceOrientationPortrait UIInterfaceOrientationPortraitUpsideDown UIInterfaceOrientationLandscapeLeft UIInterfaceOrientationLandscapeRight";
				INFOPLIST_KEY_UISupportedInterfaceOrientations_iPhone = "UIInterfaceOrientationPortrait UIInterfaceOrientationLandscapeLeft UIInterfaceOrientationLandscapeRight";
				IPHONEOS_DEPLOYMENT_TARGET = 14.0;
				LD_RUNPATH_SEARCH_PATHS = (
					"$(inherited)",
					"@executable_path/Frameworks",
				);
				MARKETING_VERSION = 1.0;
				PRODUCT_BUNDLE_IDENTIFIER = "anhtdt.To-Do-Something";
				PRODUCT_NAME = "$(TARGET_NAME)";
				SWIFT_EMIT_LOC_STRINGS = YES;
				SWIFT_VERSION = 5.0;
				TARGETED_DEVICE_FAMILY = "1,2";
			};
			name = Debug;
		};
		26759A012A342FA900498D1A /* Release */ = {
			isa = XCBuildConfiguration;
			buildSettings = {
				ASSETCATALOG_COMPILER_APPICON_NAME = AppIcon;
				ASSETCATALOG_COMPILER_GLOBAL_ACCENT_COLOR_NAME = AccentColor;
				CODE_SIGN_STYLE = Automatic;
				CURRENT_PROJECT_VERSION = 1;
				DEVELOPMENT_ASSET_PATHS = "\"To-Do-Something/Preview Content\"";
				DEVELOPMENT_TEAM = 4SVBD9LA8P;
				ENABLE_PREVIEWS = YES;
				GENERATE_INFOPLIST_FILE = YES;
				INFOPLIST_KEY_CFBundleDisplayName = "To Do List";
				INFOPLIST_KEY_UIApplicationSceneManifest_Generation = YES;
				INFOPLIST_KEY_UIApplicationSupportsIndirectInputEvents = YES;
				INFOPLIST_KEY_UILaunchScreen_Generation = YES;
				INFOPLIST_KEY_UISupportedInterfaceOrientations_iPad = "UIInterfaceOrientationPortrait UIInterfaceOrientationPortraitUpsideDown UIInterfaceOrientationLandscapeLeft UIInterfaceOrientationLandscapeRight";
				INFOPLIST_KEY_UISupportedInterfaceOrientations_iPhone = "UIInterfaceOrientationPortrait UIInterfaceOrientationLandscapeLeft UIInterfaceOrientationLandscapeRight";
				IPHONEOS_DEPLOYMENT_TARGET = 14.0;
				LD_RUNPATH_SEARCH_PATHS = (
					"$(inherited)",
					"@executable_path/Frameworks",
				);
				MARKETING_VERSION = 1.0;
				PRODUCT_BUNDLE_IDENTIFIER = "anhtdt.To-Do-Something";
				PRODUCT_NAME = "$(TARGET_NAME)";
				SWIFT_EMIT_LOC_STRINGS = YES;
				SWIFT_VERSION = 5.0;
				TARGETED_DEVICE_FAMILY = "1,2";
			};
			name = Release;
		};
/* End XCBuildConfiguration section */

/* Begin XCConfigurationList section */
		267599EC2A342FA800498D1A /* Build configuration list for PBXProject "To-Do-Something" */ = {
			isa = XCConfigurationList;
			buildConfigurations = (
				267599FD2A342FA900498D1A /* Debug */,
				267599FE2A342FA900498D1A /* Release */,
			);
			defaultConfigurationIsVisible = 0;
			defaultConfigurationName = Release;
		};
		267599FF2A342FA900498D1A /* Build configuration list for PBXNativeTarget "To-Do-Something" */ = {
			isa = XCConfigurationList;
			buildConfigurations = (
				26759A002A342FA900498D1A /* Debug */,
				26759A012A342FA900498D1A /* Release */,
			);
			defaultConfigurationIsVisible = 0;
			defaultConfigurationName = Release;
		};
/* End XCConfigurationList section */
	};
	rootObject = 267599E92A342FA800498D1A /* Project object */;
}
